Microsoft Visual Studio Solution File, Format Version 11.00
# Visual Studio 2008

Project("{AFCEB365-7882-B0FA-63AE-AA2328E14645}") = "UnityForceTest", "Assembly-CSharp.csproj", "{E4F754C6-4EB2-E9F6-B5F7-1458CE6D3D17}"
EndProject
Global
	GlobalSection(SolutionConfigurationPlatforms) = preSolution
		Debug|Any CPU = Debug|Any CPU
		Release|Any CPU = Release|Any CPU
	EndGlobalSection
	GlobalSection(ProjectConfigurationPlatforms) = postSolution
		{E4F754C6-4EB2-E9F6-B5F7-1458CE6D3D17}.Debug|Any CPU.ActiveCfg = Debug|Any CPU
		{E4F754C6-4EB2-E9F6-B5F7-1458CE6D3D17}.Debug|Any CPU.Build.0 = Debug|Any CPU
		{E4F754C6-4EB2-E9F6-B5F7-1458CE6D3D17}.Release|Any CPU.ActiveCfg = Release|Any CPU
		{E4F754C6-4EB2-E9F6-B5F7-1458CE6D3D17}.Release|Any CPU.Build.0 = Release|Any CPU
	EndGlobalSection
	GlobalSection(SolutionProperties) = preSolution
		HideSolutionNode = FALSE
	EndGlobalSection
	GlobalSection(MonoDevelopProperties) = preSolution
		StartupItem = Assembly-CSharp.csproj
	EndGlobalSection
EndGlobal
